// !$*UTF8*$!
{
	archiveVersion = 1;
	classes = {
	};
	objectVersion = 50;
	objects = {

/* Begin PBXBuildFile section */
		32085DBE255AF2C3004816C3 /* SearchTrack.swift in Sources */ = {isa = PBXBuildFile; fileRef = 32085DBD255AF2C3004816C3 /* SearchTrack.swift */; };
		32085DC2255C5A09004816C3 /* SearchTrackViewModel.swift in Sources */ = {isa = PBXBuildFile; fileRef = 32085DC1255C5A08004816C3 /* SearchTrackViewModel.swift */; };
		321865572559CE48000955B0 /* SearchBar.swift in Sources */ = {isa = PBXBuildFile; fileRef = 321865562559CE48000955B0 /* SearchBar.swift */; };
		323F8CB0255AB6C80056472F /* SearchController.swift in Sources */ = {isa = PBXBuildFile; fileRef = 323F8CAF255AB6C80056472F /* SearchController.swift */; };
		324F769C256063FB0094056E /* SearchResultView.swift in Sources */ = {isa = PBXBuildFile; fileRef = 324F769B256063FB0094056E /* SearchResultView.swift */; };
		3253F0E7251BC1DF00C89C9D /* HeaderView.swift in Sources */ = {isa = PBXBuildFile; fileRef = 3253F0E6251BC1DF00C89C9D /* HeaderView.swift */; };
		326DE46C25214F8000CBBC54 /* Lyrics.swift in Sources */ = {isa = PBXBuildFile; fileRef = 326DE46B25214F8000CBBC54 /* Lyrics.swift */; };
		326DE46F25214FF100CBBC54 /* TrackLyrics.swift in Sources */ = {isa = PBXBuildFile; fileRef = 326DE46E25214FF100CBBC54 /* TrackLyrics.swift */; };
		326DE4722521502800CBBC54 /* TrackLyricsInfo.swift in Sources */ = {isa = PBXBuildFile; fileRef = 326DE4712521502800CBBC54 /* TrackLyricsInfo.swift */; };
		326DE475252158A300CBBC54 /* LyricsViewModel.swift in Sources */ = {isa = PBXBuildFile; fileRef = 326DE474252158A300CBBC54 /* LyricsViewModel.swift */; };
		326DE47C2522509300CBBC54 /* LyriPicCard.swift in Sources */ = {isa = PBXBuildFile; fileRef = 326DE47B2522509300CBBC54 /* LyriPicCard.swift */; };
		326DE4802523BAB400CBBC54 /* LyriPicModalView.swift in Sources */ = {isa = PBXBuildFile; fileRef = 326DE47F2523BAB300CBBC54 /* LyriPicModalView.swift */; };
		328C270825192B8400C61770 /* LyriPicCardView.swift in Sources */ = {isa = PBXBuildFile; fileRef = 328C270725192B8400C61770 /* LyriPicCardView.swift */; };
		32B857AD251BFCDE000730B3 /* TrackCellView.swift in Sources */ = {isa = PBXBuildFile; fileRef = 32B857AC251BFCDE000730B3 /* TrackCellView.swift */; };
		32D1EDFF251EB88100426BC7 /* NetworkManager.swift in Sources */ = {isa = PBXBuildFile; fileRef = 32D1EDFE251EB88100426BC7 /* NetworkManager.swift */; };
		32D1EE03251F536D00426BC7 /* Endpoint.swift in Sources */ = {isa = PBXBuildFile; fileRef = 32D1EE02251F536C00426BC7 /* Endpoint.swift */; };
		32D1EE07251F53E900426BC7 /* Constants.swift in Sources */ = {isa = PBXBuildFile; fileRef = 32D1EE06251F53E900426BC7 /* Constants.swift */; };
		32D1EE0B251FB14C00426BC7 /* NetworkError.swift in Sources */ = {isa = PBXBuildFile; fileRef = 32D1EE0A251FB14C00426BC7 /* NetworkError.swift */; };
		32D1EE10251FB31400426BC7 /* TopTracks.swift in Sources */ = {isa = PBXBuildFile; fileRef = 32D1EE0F251FB31400426BC7 /* TopTracks.swift */; };
		32D1EE14251FB60F00426BC7 /* TrackList.swift in Sources */ = {isa = PBXBuildFile; fileRef = 32D1EE13251FB60F00426BC7 /* TrackList.swift */; };
		32D1EE17251FB64100426BC7 /* Track.swift in Sources */ = {isa = PBXBuildFile; fileRef = 32D1EE16251FB64100426BC7 /* Track.swift */; };
		32D1EE1A251FB67600426BC7 /* TrackInfo.swift in Sources */ = {isa = PBXBuildFile; fileRef = 32D1EE19251FB67600426BC7 /* TrackInfo.swift */; };
		32D1EE1E251FBFBD00426BC7 /* TopTracksViewModel.swift in Sources */ = {isa = PBXBuildFile; fileRef = 32D1EE1D251FBFBD00426BC7 /* TopTracksViewModel.swift */; };
		32E9EBAB25190F09000789CB /* LyriPicApp.swift in Sources */ = {isa = PBXBuildFile; fileRef = 32E9EBAA25190F09000789CB /* LyriPicApp.swift */; };
		32E9EBAD25190F09000789CB /* HomeView.swift in Sources */ = {isa = PBXBuildFile; fileRef = 32E9EBAC25190F09000789CB /* HomeView.swift */; };
		32E9EBAF25190F0C000789CB /* Assets.xcassets in Resources */ = {isa = PBXBuildFile; fileRef = 32E9EBAE25190F0C000789CB /* Assets.xcassets */; };
		32E9EBB225190F0C000789CB /* Preview Assets.xcassets in Resources */ = {isa = PBXBuildFile; fileRef = 32E9EBB125190F0C000789CB /* Preview Assets.xcassets */; };
		32FCE19B2559C530006ED89E /* SearchView.swift in Sources */ = {isa = PBXBuildFile; fileRef = 32FCE19A2559C530006ED89E /* SearchView.swift */; };
		32FCE19E2559C6EE006ED89E /* TabBar.swift in Sources */ = {isa = PBXBuildFile; fileRef = 32FCE19D2559C6EE006ED89E /* TabBar.swift */; };
/* End PBXBuildFile section */

/* Begin PBXFileReference section */
		32085DBD255AF2C3004816C3 /* SearchTrack.swift */ = {isa = PBXFileReference; lastKnownFileType = sourcecode.swift; path = SearchTrack.swift; sourceTree = "<group>"; };
		32085DC1255C5A08004816C3 /* SearchTrackViewModel.swift */ = {isa = PBXFileReference; lastKnownFileType = sourcecode.swift; path = SearchTrackViewModel.swift; sourceTree = "<group>"; };
		321865562559CE48000955B0 /* SearchBar.swift */ = {isa = PBXFileReference; lastKnownFileType = sourcecode.swift; path = SearchBar.swift; sourceTree = "<group>"; };
		323F8CAF255AB6C80056472F /* SearchController.swift */ = {isa = PBXFileReference; lastKnownFileType = sourcecode.swift; path = SearchController.swift; sourceTree = "<group>"; };
		324F769B256063FB0094056E /* SearchResultView.swift */ = {isa = PBXFileReference; lastKnownFileType = sourcecode.swift; path = SearchResultView.swift; sourceTree = "<group>"; };
		3253F0E6251BC1DF00C89C9D /* HeaderView.swift */ = {isa = PBXFileReference; lastKnownFileType = sourcecode.swift; path = HeaderView.swift; sourceTree = "<group>"; };
		326DE46B25214F8000CBBC54 /* Lyrics.swift */ = {isa = PBXFileReference; lastKnownFileType = sourcecode.swift; path = Lyrics.swift; sourceTree = "<group>"; };
		326DE46E25214FF100CBBC54 /* TrackLyrics.swift */ = {isa = PBXFileReference; lastKnownFileType = sourcecode.swift; path = TrackLyrics.swift; sourceTree = "<group>"; };
		326DE4712521502800CBBC54 /* TrackLyricsInfo.swift */ = {isa = PBXFileReference; lastKnownFileType = sourcecode.swift; path = TrackLyricsInfo.swift; sourceTree = "<group>"; };
		326DE474252158A300CBBC54 /* LyricsViewModel.swift */ = {isa = PBXFileReference; lastKnownFileType = sourcecode.swift; path = LyricsViewModel.swift; sourceTree = "<group>"; };
		326DE47B2522509300CBBC54 /* LyriPicCard.swift */ = {isa = PBXFileReference; lastKnownFileType = sourcecode.swift; path = LyriPicCard.swift; sourceTree = "<group>"; };
		326DE47F2523BAB300CBBC54 /* LyriPicModalView.swift */ = {isa = PBXFileReference; lastKnownFileType = sourcecode.swift; path = LyriPicModalView.swift; sourceTree = "<group>"; };
		328C270725192B8400C61770 /* LyriPicCardView.swift */ = {isa = PBXFileReference; lastKnownFileType = sourcecode.swift; path = LyriPicCardView.swift; sourceTree = "<group>"; };
		32B857AC251BFCDE000730B3 /* TrackCellView.swift */ = {isa = PBXFileReference; lastKnownFileType = sourcecode.swift; path = TrackCellView.swift; sourceTree = "<group>"; };
		32D1EDFE251EB88100426BC7 /* NetworkManager.swift */ = {isa = PBXFileReference; lastKnownFileType = sourcecode.swift; path = NetworkManager.swift; sourceTree = "<group>"; };
		32D1EE02251F536C00426BC7 /* Endpoint.swift */ = {isa = PBXFileReference; lastKnownFileType = sourcecode.swift; path = Endpoint.swift; sourceTree = "<group>"; };
		32D1EE06251F53E900426BC7 /* Constants.swift */ = {isa = PBXFileReference; lastKnownFileType = sourcecode.swift; path = Constants.swift; sourceTree = "<group>"; };
		32D1EE0A251FB14C00426BC7 /* NetworkError.swift */ = {isa = PBXFileReference; lastKnownFileType = sourcecode.swift; path = NetworkError.swift; sourceTree = "<group>"; };
		32D1EE0F251FB31400426BC7 /* TopTracks.swift */ = {isa = PBXFileReference; lastKnownFileType = sourcecode.swift; path = TopTracks.swift; sourceTree = "<group>"; };
		32D1EE13251FB60F00426BC7 /* TrackList.swift */ = {isa = PBXFileReference; lastKnownFileType = sourcecode.swift; path = TrackList.swift; sourceTree = "<group>"; };
		32D1EE16251FB64100426BC7 /* Track.swift */ = {isa = PBXFileReference; lastKnownFileType = sourcecode.swift; path = Track.swift; sourceTree = "<group>"; };
		32D1EE19251FB67600426BC7 /* TrackInfo.swift */ = {isa = PBXFileReference; lastKnownFileType = sourcecode.swift; path = TrackInfo.swift; sourceTree = "<group>"; };
		32D1EE1D251FBFBD00426BC7 /* TopTracksViewModel.swift */ = {isa = PBXFileReference; lastKnownFileType = sourcecode.swift; path = TopTracksViewModel.swift; sourceTree = "<group>"; };
		32E9EBA725190F08000789CB /* LyriPic.app */ = {isa = PBXFileReference; explicitFileType = wrapper.application; includeInIndex = 0; path = LyriPic.app; sourceTree = BUILT_PRODUCTS_DIR; };
		32E9EBAA25190F09000789CB /* LyriPicApp.swift */ = {isa = PBXFileReference; lastKnownFileType = sourcecode.swift; path = LyriPicApp.swift; sourceTree = "<group>"; };
		32E9EBAC25190F09000789CB /* HomeView.swift */ = {isa = PBXFileReference; lastKnownFileType = sourcecode.swift; path = HomeView.swift; sourceTree = "<group>"; };
		32E9EBAE25190F0C000789CB /* Assets.xcassets */ = {isa = PBXFileReference; lastKnownFileType = folder.assetcatalog; path = Assets.xcassets; sourceTree = "<group>"; };
		32E9EBB125190F0C000789CB /* Preview Assets.xcassets */ = {isa = PBXFileReference; lastKnownFileType = folder.assetcatalog; path = "Preview Assets.xcassets"; sourceTree = "<group>"; };
		32E9EBB325190F0C000789CB /* Info.plist */ = {isa = PBXFileReference; lastKnownFileType = text.plist.xml; path = Info.plist; sourceTree = "<group>"; };
		32FCE19A2559C530006ED89E /* SearchView.swift */ = {isa = PBXFileReference; lastKnownFileType = sourcecode.swift; path = SearchView.swift; sourceTree = "<group>"; };
		32FCE19D2559C6EE006ED89E /* TabBar.swift */ = {isa = PBXFileReference; lastKnownFileType = sourcecode.swift; path = TabBar.swift; sourceTree = "<group>"; };
/* End PBXFileReference section */

/* Begin PBXFrameworksBuildPhase section */
		32E9EBA425190F08000789CB /* Frameworks */ = {
			isa = PBXFrameworksBuildPhase;
			buildActionMask = 2147483647;
			files = (
			);
			runOnlyForDeploymentPostprocessing = 0;
		};
/* End PBXFrameworksBuildPhase section */

/* Begin PBXGroup section */
		321865552559CE19000955B0 /* Representables */ = {
			isa = PBXGroup;
			children = (
				323F8CAF255AB6C80056472F /* SearchController.swift */,
				321865562559CE48000955B0 /* SearchBar.swift */,
			);
			path = Representables;
			sourceTree = "<group>";
		};
		3253F0E5251BC1A300C89C9D /* Tab */ = {
			isa = PBXGroup;
			children = (
				32E9EBAC25190F09000789CB /* HomeView.swift */,
				32FCE19A2559C530006ED89E /* SearchView.swift */,
				32FCE19D2559C6EE006ED89E /* TabBar.swift */,
			);
			path = Tab;
			sourceTree = "<group>";
		};
		3253F0EA251BC34000C89C9D /* Components */ = {
			isa = PBXGroup;
			children = (
				328C270725192B8400C61770 /* LyriPicCardView.swift */,
				3253F0E6251BC1DF00C89C9D /* HeaderView.swift */,
				32B857AC251BFCDE000730B3 /* TrackCellView.swift */,
				326DE47F2523BAB300CBBC54 /* LyriPicModalView.swift */,
				324F769B256063FB0094056E /* SearchResultView.swift */,
			);
			path = Components;
			sourceTree = "<group>";
		};
		328C270625192B6500C61770 /* Views */ = {
			isa = PBXGroup;
			children = (
				321865552559CE19000955B0 /* Representables */,
				3253F0EA251BC34000C89C9D /* Components */,
				3253F0E5251BC1A300C89C9D /* Tab */,
			);
			path = Views;
			sourceTree = "<group>";
		};
		32D1EE05251F53D400426BC7 /* Utilities */ = {
			isa = PBXGroup;
			children = (
				32D1EE06251F53E900426BC7 /* Constants.swift */,
				32D1EE0A251FB14C00426BC7 /* NetworkError.swift */,
			);
			path = Utilities;
			sourceTree = "<group>";
		};
		32D1EE0E251FB29800426BC7 /* Model */ = {
			isa = PBXGroup;
			children = (
				32D1EE0F251FB31400426BC7 /* TopTracks.swift */,
				32085DBD255AF2C3004816C3 /* SearchTrack.swift */,
				32D1EE13251FB60F00426BC7 /* TrackList.swift */,
				32D1EE16251FB64100426BC7 /* Track.swift */,
				32D1EE19251FB67600426BC7 /* TrackInfo.swift */,
				326DE46B25214F8000CBBC54 /* Lyrics.swift */,
				326DE46E25214FF100CBBC54 /* TrackLyrics.swift */,
				326DE4712521502800CBBC54 /* TrackLyricsInfo.swift */,
				326DE47B2522509300CBBC54 /* LyriPicCard.swift */,
			);
			path = Model;
			sourceTree = "<group>";
		};
		32D1EE1C251FBF7600426BC7 /* ViewModel */ = {
			isa = PBXGroup;
			children = (
				32D1EE1D251FBFBD00426BC7 /* TopTracksViewModel.swift */,
				326DE474252158A300CBBC54 /* LyricsViewModel.swift */,
				32085DC1255C5A08004816C3 /* SearchTrackViewModel.swift */,
			);
			path = ViewModel;
			sourceTree = "<group>";
		};
		32D1EE20251FF59900426BC7 /* Manager */ = {
			isa = PBXGroup;
			children = (
				32D1EE21251FF5AC00426BC7 /* Network */,
			);
			path = Manager;
			sourceTree = "<group>";
		};
		32D1EE21251FF5AC00426BC7 /* Network */ = {
			isa = PBXGroup;
			children = (
				32D1EDFE251EB88100426BC7 /* NetworkManager.swift */,
				32D1EE02251F536C00426BC7 /* Endpoint.swift */,
			);
			path = Network;
			sourceTree = "<group>";
		};
		32E9EB9E25190F08000789CB = {
			isa = PBXGroup;
			children = (
				32E9EBA925190F09000789CB /* LyriPic */,
				32E9EBA825190F08000789CB /* Products */,
			);
			sourceTree = "<group>";
		};
		32E9EBA825190F08000789CB /* Products */ = {
			isa = PBXGroup;
			children = (
				32E9EBA725190F08000789CB /* LyriPic.app */,
			);
			name = Products;
			sourceTree = "<group>";
		};
		32E9EBA925190F09000789CB /* LyriPic */ = {
			isa = PBXGroup;
			children = (
				32E9EBAA25190F09000789CB /* LyriPicApp.swift */,
				32D1EE05251F53D400426BC7 /* Utilities */,
				32D1EE20251FF59900426BC7 /* Manager */,
				32D1EE0E251FB29800426BC7 /* Model */,
				32D1EE1C251FBF7600426BC7 /* ViewModel */,
				328C270625192B6500C61770 /* Views */,
				32E9EBAE25190F0C000789CB /* Assets.xcassets */,
				32E9EBB325190F0C000789CB /* Info.plist */,
				32E9EBB025190F0C000789CB /* Preview Content */,
			);
			path = LyriPic;
			sourceTree = "<group>";
		};
		32E9EBB025190F0C000789CB /* Preview Content */ = {
			isa = PBXGroup;
			children = (
				32E9EBB125190F0C000789CB /* Preview Assets.xcassets */,
			);
			path = "Preview Content";
			sourceTree = "<group>";
		};
/* End PBXGroup section */

/* Begin PBXNativeTarget section */
		32E9EBA625190F08000789CB /* LyriPic */ = {
			isa = PBXNativeTarget;
			buildConfigurationList = 32E9EBB625190F0C000789CB /* Build configuration list for PBXNativeTarget "LyriPic" */;
			buildPhases = (
				32E9EBA325190F08000789CB /* Sources */,
				32E9EBA425190F08000789CB /* Frameworks */,
				32E9EBA525190F08000789CB /* Resources */,
			);
			buildRules = (
			);
			dependencies = (
			);
			name = LyriPic;
			productName = LyriPic;
			productReference = 32E9EBA725190F08000789CB /* LyriPic.app */;
			productType = "com.apple.product-type.application";
		};
/* End PBXNativeTarget section */

/* Begin PBXProject section */
		32E9EB9F25190F08000789CB /* Project object */ = {
			isa = PBXProject;
			attributes = {
				LastSwiftUpdateCheck = 1200;
				LastUpgradeCheck = 1200;
				TargetAttributes = {
					32E9EBA625190F08000789CB = {
						CreatedOnToolsVersion = 12.0;
					};
				};
			};
			buildConfigurationList = 32E9EBA225190F08000789CB /* Build configuration list for PBXProject "LyriPic" */;
			compatibilityVersion = "Xcode 9.3";
			developmentRegion = en;
			hasScannedForEncodings = 0;
			knownRegions = (
				en,
				Base,
			);
			mainGroup = 32E9EB9E25190F08000789CB;
			productRefGroup = 32E9EBA825190F08000789CB /* Products */;
			projectDirPath = "";
			projectRoot = "";
			targets = (
				32E9EBA625190F08000789CB /* LyriPic */,
			);
		};
/* End PBXProject section */

/* Begin PBXResourcesBuildPhase section */
		32E9EBA525190F08000789CB /* Resources */ = {
			isa = PBXResourcesBuildPhase;
			buildActionMask = 2147483647;
			files = (
				32E9EBB225190F0C000789CB /* Preview Assets.xcassets in Resources */,
				32E9EBAF25190F0C000789CB /* Assets.xcassets in Resources */,
			);
			runOnlyForDeploymentPostprocessing = 0;
		};
/* End PBXResourcesBuildPhase section */

/* Begin PBXSourcesBuildPhase section */
		32E9EBA325190F08000789CB /* Sources */ = {
			isa = PBXSourcesBuildPhase;
			buildActionMask = 2147483647;
			files = (
				32FCE19E2559C6EE006ED89E /* TabBar.swift in Sources */,
				324F769C256063FB0094056E /* SearchResultView.swift in Sources */,
				32D1EE03251F536D00426BC7 /* Endpoint.swift in Sources */,
				32D1EDFF251EB88100426BC7 /* NetworkManager.swift in Sources */,
				32B857AD251BFCDE000730B3 /* TrackCellView.swift in Sources */,
				32E9EBAD25190F09000789CB /* HomeView.swift in Sources */,
				32E9EBAB25190F09000789CB /* LyriPicApp.swift in Sources */,
				326DE4802523BAB400CBBC54 /* LyriPicModalView.swift in Sources */,
				326DE47C2522509300CBBC54 /* LyriPicCard.swift in Sources */,
				32D1EE1A251FB67600426BC7 /* TrackInfo.swift in Sources */,
				326DE46C25214F8000CBBC54 /* Lyrics.swift in Sources */,
				326DE46F25214FF100CBBC54 /* TrackLyrics.swift in Sources */,
				32FCE19B2559C530006ED89E /* SearchView.swift in Sources */,
				328C270825192B8400C61770 /* LyriPicCardView.swift in Sources */,
				326DE4722521502800CBBC54 /* TrackLyricsInfo.swift in Sources */,
				3253F0E7251BC1DF00C89C9D /* HeaderView.swift in Sources */,
				32D1EE1E251FBFBD00426BC7 /* TopTracksViewModel.swift in Sources */,
				321865572559CE48000955B0 /* SearchBar.swift in Sources */,
				32085DBE255AF2C3004816C3 /* SearchTrack.swift in Sources */,
				326DE475252158A300CBBC54 /* LyricsViewModel.swift in Sources */,
				32D1EE14251FB60F00426BC7 /* TrackList.swift in Sources */,
				323F8CB0255AB6C80056472F /* SearchController.swift in Sources */,
				32085DC2255C5A09004816C3 /* SearchTrackViewModel.swift in Sources */,
				32D1EE10251FB31400426BC7 /* TopTracks.swift in Sources */,
				32D1EE0B251FB14C00426BC7 /* NetworkError.swift in Sources */,
				32D1EE07251F53E900426BC7 /* Constants.swift in Sources */,
				32D1EE17251FB64100426BC7 /* Track.swift in Sources */,
			);
			runOnlyForDeploymentPostprocessing = 0;
		};
/* End PBXSourcesBuildPhase section */

/* Begin XCBuildConfiguration section */
		32E9EBB425190F0C000789CB /* Debug */ = {
			isa = XCBuildConfiguration;
			buildSettings = {
				ALWAYS_SEARCH_USER_PATHS = NO;
				CLANG_ANALYZER_NONNULL = YES;
				CLANG_ANALYZER_NUMBER_OBJECT_CONVERSION = YES_AGGRESSIVE;
				CLANG_CXX_LANGUAGE_STANDARD = "gnu++14";
				CLANG_CXX_LIBRARY = "libc++";
				CLANG_ENABLE_MODULES = YES;
				CLANG_ENABLE_OBJC_ARC = YES;
				CLANG_ENABLE_OBJC_WEAK = YES;
				CLANG_WARN_BLOCK_CAPTURE_AUTORELEASING = YES;
				CLANG_WARN_BOOL_CONVERSION = YES;
				CLANG_WARN_COMMA = YES;
				CLANG_WARN_CONSTANT_CONVERSION = YES;
				CLANG_WARN_DEPRECATED_OBJC_IMPLEMENTATIONS = YES;
				CLANG_WARN_DIRECT_OBJC_ISA_USAGE = YES_ERROR;
				CLANG_WARN_DOCUMENTATION_COMMENTS = YES;
				CLANG_WARN_EMPTY_BODY = YES;
				CLANG_WARN_ENUM_CONVERSION = YES;
				CLANG_WARN_INFINITE_RECURSION = YES;
				CLANG_WARN_INT_CONVERSION = YES;
				CLANG_WARN_NON_LITERAL_NULL_CONVERSION = YES;
				CLANG_WARN_OBJC_IMPLICIT_RETAIN_SELF = YES;
				CLANG_WARN_OBJC_LITERAL_CONVERSION = YES;
				CLANG_WARN_OBJC_ROOT_CLASS = YES_ERROR;
				CLANG_WARN_QUOTED_INCLUDE_IN_FRAMEWORK_HEADER = YES;
				CLANG_WARN_RANGE_LOOP_ANALYSIS = YES;
				CLANG_WARN_STRICT_PROTOTYPES = YES;
				CLANG_WARN_SUSPICIOUS_MOVE = YES;
				CLANG_WARN_UNGUARDED_AVAILABILITY = YES_AGGRESSIVE;
				CLANG_WARN_UNREACHABLE_CODE = YES;
				CLANG_WARN__DUPLICATE_METHOD_MATCH = YES;
				COPY_PHASE_STRIP = NO;
				DEBUG_INFORMATION_FORMAT = dwarf;
				ENABLE_STRICT_OBJC_MSGSEND = YES;
				ENABLE_TESTABILITY = YES;
				GCC_C_LANGUAGE_STANDARD = gnu11;
				GCC_DYNAMIC_NO_PIC = NO;
				GCC_NO_COMMON_BLOCKS = YES;
				GCC_OPTIMIZATION_LEVEL = 0;
				GCC_PREPROCESSOR_DEFINITIONS = (
					"DEBUG=1",
					"$(inherited)",
				);
				GCC_WARN_64_TO_32_BIT_CONVERSION = YES;
				GCC_WARN_ABOUT_RETURN_TYPE = YES_ERROR;
				GCC_WARN_UNDECLARED_SELECTOR = YES;
				GCC_WARN_UNINITIALIZED_AUTOS = YES_AGGRESSIVE;
				GCC_WARN_UNUSED_FUNCTION = YES;
				GCC_WARN_UNUSED_VARIABLE = YES;
				IPHONEOS_DEPLOYMENT_TARGET = 14.0;
				MTL_ENABLE_DEBUG_INFO = INCLUDE_SOURCE;
				MTL_FAST_MATH = YES;
				ONLY_ACTIVE_ARCH = YES;
				SDKROOT = iphoneos;
				SWIFT_ACTIVE_COMPILATION_CONDITIONS = DEBUG;
				SWIFT_OPTIMIZATION_LEVEL = "-Onone";
			};
			name = Debug;
		};
		32E9EBB525190F0C000789CB /* Release */ = {
			isa = XCBuildConfiguration;
			buildSettings = {
				ALWAYS_SEARCH_USER_PATHS = NO;
				CLANG_ANALYZER_NONNULL = YES;
				CLANG_ANALYZER_NUMBER_OBJECT_CONVERSION = YES_AGGRESSIVE;
				CLANG_CXX_LANGUAGE_STANDARD = "gnu++14";
				CLANG_CXX_LIBRARY = "libc++";
				CLANG_ENABLE_MODULES = YES;
				CLANG_ENABLE_OBJC_ARC = YES;
				CLANG_ENABLE_OBJC_WEAK = YES;
				CLANG_WARN_BLOCK_CAPTURE_AUTORELEASING = YES;
				CLANG_WARN_BOOL_CONVERSION = YES;
				CLANG_WARN_COMMA = YES;
				CLANG_WARN_CONSTANT_CONVERSION = YES;
				CLANG_WARN_DEPRECATED_OBJC_IMPLEMENTATIONS = YES;
				CLANG_WARN_DIRECT_OBJC_ISA_USAGE = YES_ERROR;
				CLANG_WARN_DOCUMENTATION_COMMENTS = YES;
				CLANG_WARN_EMPTY_BODY = YES;
				CLANG_WARN_ENUM_CONVERSION = YES;
				CLANG_WARN_INFINITE_RECURSION = YES;
				CLANG_WARN_INT_CONVERSION = YES;
				CLANG_WARN_NON_LITERAL_NULL_CONVERSION = YES;
				CLANG_WARN_OBJC_IMPLICIT_RETAIN_SELF = YES;
				CLANG_WARN_OBJC_LITERAL_CONVERSION = YES;
				CLANG_WARN_OBJC_ROOT_CLASS = YES_ERROR;
				CLANG_WARN_QUOTED_INCLUDE_IN_FRAMEWORK_HEADER = YES;
				CLANG_WARN_RANGE_LOOP_ANALYSIS = YES;
				CLANG_WARN_STRICT_PROTOTYPES = YES;
				CLANG_WARN_SUSPICIOUS_MOVE = YES;
				CLANG_WARN_UNGUARDED_AVAILABILITY = YES_AGGRESSIVE;
				CLANG_WARN_UNREACHABLE_CODE = YES;
				CLANG_WARN__DUPLICATE_METHOD_MATCH = YES;
				COPY_PHASE_STRIP = NO;
				DEBUG_INFORMATION_FORMAT = "dwarf-with-dsym";
				ENABLE_NS_ASSERTIONS = NO;
				ENABLE_STRICT_OBJC_MSGSEND = YES;
				GCC_C_LANGUAGE_STANDARD = gnu11;
				GCC_NO_COMMON_BLOCKS = YES;
				GCC_WARN_64_TO_32_BIT_CONVERSION = YES;
				GCC_WARN_ABOUT_RETURN_TYPE = YES_ERROR;
				GCC_WARN_UNDECLARED_SELECTOR = YES;
				GCC_WARN_UNINITIALIZED_AUTOS = YES_AGGRESSIVE;
				GCC_WARN_UNUSED_FUNCTION = YES;
				GCC_WARN_UNUSED_VARIABLE = YES;
				IPHONEOS_DEPLOYMENT_TARGET = 14.0;
				MTL_ENABLE_DEBUG_INFO = NO;
				MTL_FAST_MATH = YES;
				SDKROOT = iphoneos;
				SWIFT_COMPILATION_MODE = wholemodule;
				SWIFT_OPTIMIZATION_LEVEL = "-O";
				VALIDATE_PRODUCT = YES;
			};
			name = Release;
		};
		32E9EBB725190F0C000789CB /* Debug */ = {
			isa = XCBuildConfiguration;
			buildSettings = {
				ASSETCATALOG_COMPILER_APPICON_NAME = AppIcon;
				ASSETCATALOG_COMPILER_GLOBAL_ACCENT_COLOR_NAME = AccentColor;
				CODE_SIGN_STYLE = Automatic;
				DEVELOPMENT_ASSET_PATHS = "\"LyriPic/Preview Content\"";
				DEVELOPMENT_TEAM = SJ24EL3RLW;
				ENABLE_PREVIEWS = YES;
				INFOPLIST_FILE = LyriPic/Info.plist;
				IPHONEOS_DEPLOYMENT_TARGET = 14.0;
				LD_RUNPATH_SEARCH_PATHS = (
					"$(inherited)",
					"@executable_path/Frameworks",
				);
				PRODUCT_BUNDLE_IDENTIFIER = com.enkkashley.LyriPic;
				PRODUCT_NAME = "$(TARGET_NAME)";
				SWIFT_VERSION = 5.0;
				TARGETED_DEVICE_FAMILY = "1,2";
			};
			name = Debug;
		};
		32E9EBB825190F0C000789CB /* Release */ = {
			isa = XCBuildConfiguration;
			buildSettings = {
				ASSETCATALOG_COMPILER_APPICON_NAME = AppIcon;
				ASSETCATALOG_COMPILER_GLOBAL_ACCENT_COLOR_NAME = AccentColor;
				CODE_SIGN_STYLE = Automatic;
				DEVELOPMENT_ASSET_PATHS = "\"LyriPic/Preview Content\"";
				DEVELOPMENT_TEAM = SJ24EL3RLW;
				ENABLE_PREVIEWS = YES;
				INFOPLIST_FILE = LyriPic/Info.plist;
				IPHONEOS_DEPLOYMENT_TARGET = 14.0;
				LD_RUNPATH_SEARCH_PATHS = (
					"$(inherited)",
					"@executable_path/Frameworks",
				);
				PRODUCT_BUNDLE_IDENTIFIER = com.enkkashley.LyriPic;
				PRODUCT_NAME = "$(TARGET_NAME)";
				SWIFT_VERSION = 5.0;
				TARGETED_DEVICE_FAMILY = "1,2";
			};
			name = Release;
		};
/* End XCBuildConfiguration section */

/* Begin XCConfigurationList section */
		32E9EBA225190F08000789CB /* Build configuration list for PBXProject "LyriPic" */ = {
			isa = XCConfigurationList;
			buildConfigurations = (
				32E9EBB425190F0C000789CB /* Debug */,
				32E9EBB525190F0C000789CB /* Release */,
			);
			defaultConfigurationIsVisible = 0;
			defaultConfigurationName = Release;
		};
		32E9EBB625190F0C000789CB /* Build configuration list for PBXNativeTarget "LyriPic" */ = {
			isa = XCConfigurationList;
			buildConfigurations = (
				32E9EBB725190F0C000789CB /* Debug */,
				32E9EBB825190F0C000789CB /* Release */,
			);
			defaultConfigurationIsVisible = 0;
			defaultConfigurationName = Release;
		};
/* End XCConfigurationList section */
	};
	rootObject = 32E9EB9F25190F08000789CB /* Project object */;
}
